
Microsoft Visual Studio Solution File, Format Version 12.00
# Visual Studio Version 16
VisualStudioVersion = 16.0.31911.196
MinimumVisualStudioVersion = 10.0.40219.1
Project("{FAE04EC0-301F-11D3-BF4B-00C04F79EFBC}") = "BaeWynCouriersApp", "BaeWynCouriersApp\BaeWynCouriersApp.csproj", "{2A9E7C7C-0F48-4B2E-8583-73FB76982A00}"
EndProject
Project("{FAE04EC0-301F-11D3-BF4B-00C04F79EFBC}") = "BaeWynCouriersApp.Tests", "BaeWynCouriersApp.Tests\BaeWynCouriersApp.Tests.csproj", "{5EC4D6AA-B7EB-4910-A09A-9D55889FD5DB}"
EndProject
Global
	GlobalSection(SolutionConfigurationPlatforms) = preSolution
		Debug|Any CPU = Debug|Any CPU
		Release|Any CPU = Release|Any CPU
	EndGlobalSection
	GlobalSection(ProjectConfigurationPlatforms) = postSolution
		{2A9E7C7C-0F48-4B2E-8583-73FB76982A00}.Debug|Any CPU.ActiveCfg = Debug|Any CPU
		{2A9E7C7C-0F48-4B2E-8583-73FB76982A00}.Debug|Any CPU.Build.0 = Debug|Any CPU
		{2A9E7C7C-0F48-4B2E-8583-73FB76982A00}.Release|Any CPU.ActiveCfg = Release|Any CPU
		{2A9E7C7C-0F48-4B2E-8583-73FB76982A00}.Release|Any CPU.Build.0 = Release|Any CPU
		{5EC4D6AA-B7EB-4910-A09A-9D55889FD5DB}.Debug|Any CPU.ActiveCfg = Debug|Any CPU
		{5EC4D6AA-B7EB-4910-A09A-9D55889FD5DB}.Debug|Any CPU.Build.0 = Debug|Any CPU
		{5EC4D6AA-B7EB-4910-A09A-9D55889FD5DB}.Release|Any CPU.ActiveCfg = Release|Any CPU
		{5EC4D6AA-B7EB-4910-A09A-9D55889FD5DB}.Release|Any CPU.Build.0 = Release|Any CPU
	EndGlobalSection
	GlobalSection(SolutionProperties) = preSolution
		HideSolutionNode = FALSE
	EndGlobalSection
	GlobalSection(ExtensibilityGlobals) = postSolution
		SolutionGuid = {5BA500A3-573E-46E3-80D0-03816E47C8CD}
	EndGlobalSection
EndGlobal
